// !$*UTF8*$!
{
	archiveVersion = 1;
	classes = {
	};
	objectVersion = 51;
	objects = {

/* Begin PBXBuildFile section */
		1689D4C602371D2FBE9733C0 /* Pods_MessagingApp_MessagingAppUITests.framework in Frameworks */ = {isa = PBXBuildFile; fileRef = A507FC72839028CB2E841EDA /* Pods_MessagingApp_MessagingAppUITests.framework */; };
		401543E8FBEBFA39B84E0608 /* Pods_MessagingApp.framework in Frameworks */ = {isa = PBXBuildFile; fileRef = 1465C9203F44C54A4F104E3E /* Pods_MessagingApp.framework */; };
		80A3E3BC248785F2006E3969 /* AppDelegate.swift in Sources */ = {isa = PBXBuildFile; fileRef = 80A3E3BB248785F2006E3969 /* AppDelegate.swift */; };
		80A3E3C0248785F2006E3969 /* MessagesViewController.swift in Sources */ = {isa = PBXBuildFile; fileRef = 80A3E3BF248785F2006E3969 /* MessagesViewController.swift */; };
		80A3E3C5248785F4006E3969 /* Assets.xcassets in Resources */ = {isa = PBXBuildFile; fileRef = 80A3E3C4248785F4006E3969 /* Assets.xcassets */; };
		80A3E3C8248785F4006E3969 /* LaunchScreen.storyboard in Resources */ = {isa = PBXBuildFile; fileRef = 80A3E3C6248785F4006E3969 /* LaunchScreen.storyboard */; };
		80A3E3D3248785F5006E3969 /* MessagingAppTests.swift in Sources */ = {isa = PBXBuildFile; fileRef = 80A3E3D2248785F5006E3969 /* MessagingAppTests.swift */; };
		80A3E3DE248785F5006E3969 /* MessagingAppUITests.swift in Sources */ = {isa = PBXBuildFile; fileRef = 80A3E3DD248785F5006E3969 /* MessagingAppUITests.swift */; };
		80A3E3EF248791EA006E3969 /* Message.swift in Sources */ = {isa = PBXBuildFile; fileRef = 80A3E3EE248791EA006E3969 /* Message.swift */; };
		80A3E3F124879BCF006E3969 /* MessageTableViewCell.swift in Sources */ = {isa = PBXBuildFile; fileRef = 80A3E3F024879BCF006E3969 /* MessageTableViewCell.swift */; };
		80A3E3F32487A255006E3969 /* MessageCellType.swift in Sources */ = {isa = PBXBuildFile; fileRef = 80A3E3F22487A255006E3969 /* MessageCellType.swift */; };
		80A3E3F52487A2C4006E3969 /* LeftMessageTableViewCell.swift in Sources */ = {isa = PBXBuildFile; fileRef = 80A3E3F42487A2C3006E3969 /* LeftMessageTableViewCell.swift */; };
		80A3E3F72487A869006E3969 /* RightMessageTableViewCell.swift in Sources */ = {isa = PBXBuildFile; fileRef = 80A3E3F62487A869006E3969 /* RightMessageTableViewCell.swift */; };
		80A3E3F92487B07D006E3969 /* TabBarController.swift in Sources */ = {isa = PBXBuildFile; fileRef = 80A3E3F82487B07D006E3969 /* TabBarController.swift */; };
		80A3E3FC2487B2CE006E3969 /* Contacts.storyboard in Resources */ = {isa = PBXBuildFile; fileRef = 80A3E3FB2487B2CE006E3969 /* Contacts.storyboard */; };
		80A3E3FE2487CC91006E3969 /* Contact.swift in Sources */ = {isa = PBXBuildFile; fileRef = 80A3E3FD2487CC91006E3969 /* Contact.swift */; };
		80A3E4002487CD5F006E3969 /* ContactViewController.swift in Sources */ = {isa = PBXBuildFile; fileRef = 80A3E3FF2487CD5F006E3969 /* ContactViewController.swift */; };
		80A3E4032487DE71006E3969 /* fontawesome.otf in Resources */ = {isa = PBXBuildFile; fileRef = 80A3E4012487DDF2006E3969 /* fontawesome.otf */; };
		80A3E4042487DE75006E3969 /* fontawesome-brands.otf in Resources */ = {isa = PBXBuildFile; fileRef = 80A3E4022487DDF2006E3969 /* fontawesome-brands.otf */; };
		80A3E4062487E090006E3969 /* fontawesome-solid-900.otf in Resources */ = {isa = PBXBuildFile; fileRef = 80A3E4052487E08D006E3969 /* fontawesome-solid-900.otf */; };
		DB8465801ABEC17369AD1237 /* Pods_MessagingAppTests.framework in Frameworks */ = {isa = PBXBuildFile; fileRef = 8E32E8DD8B628204E9810C1B /* Pods_MessagingAppTests.framework */; };
/* End PBXBuildFile section */

/* Begin PBXContainerItemProxy section */
		80A3E3CF248785F5006E3969 /* PBXContainerItemProxy */ = {
			isa = PBXContainerItemProxy;
			containerPortal = 80A3E3B0248785F2006E3969 /* Project object */;
			proxyType = 1;
			remoteGlobalIDString = 80A3E3B7248785F2006E3969;
			remoteInfo = MessagingApp;
		};
		80A3E3DA248785F5006E3969 /* PBXContainerItemProxy */ = {
			isa = PBXContainerItemProxy;
			containerPortal = 80A3E3B0248785F2006E3969 /* Project object */;
			proxyType = 1;
			remoteGlobalIDString = 80A3E3B7248785F2006E3969;
			remoteInfo = MessagingApp;
		};
/* End PBXContainerItemProxy section */

/* Begin PBXFileReference section */
		0480861D50F39816F98A315B /* Pods-MessagingAppTests.debug.xcconfig */ = {isa = PBXFileReference; includeInIndex = 1; lastKnownFileType = text.xcconfig; name = "Pods-MessagingAppTests.debug.xcconfig"; path = "Target Support Files/Pods-MessagingAppTests/Pods-MessagingAppTests.debug.xcconfig"; sourceTree = "<group>"; };
		0F08CEDEE838402BBA50E454 /* Pods-MessagingAppTests.release.xcconfig */ = {isa = PBXFileReference; includeInIndex = 1; lastKnownFileType = text.xcconfig; name = "Pods-MessagingAppTests.release.xcconfig"; path = "Target Support Files/Pods-MessagingAppTests/Pods-MessagingAppTests.release.xcconfig"; sourceTree = "<group>"; };
		1465C9203F44C54A4F104E3E /* Pods_MessagingApp.framework */ = {isa = PBXFileReference; explicitFileType = wrapper.framework; includeInIndex = 0; path = Pods_MessagingApp.framework; sourceTree = BUILT_PRODUCTS_DIR; };
		4981DE931DCF4A7E196D6EC2 /* Pods-MessagingApp-MessagingAppUITests.debug.xcconfig */ = {isa = PBXFileReference; includeInIndex = 1; lastKnownFileType = text.xcconfig; name = "Pods-MessagingApp-MessagingAppUITests.debug.xcconfig"; path = "Target Support Files/Pods-MessagingApp-MessagingAppUITests/Pods-MessagingApp-MessagingAppUITests.debug.xcconfig"; sourceTree = "<group>"; };
		513C13C0427515AFB1AABCEF /* Pods-MessagingApp.debug.xcconfig */ = {isa = PBXFileReference; includeInIndex = 1; lastKnownFileType = text.xcconfig; name = "Pods-MessagingApp.debug.xcconfig"; path = "Target Support Files/Pods-MessagingApp/Pods-MessagingApp.debug.xcconfig"; sourceTree = "<group>"; };
		5451FDA25E825DC540AA73C2 /* Pods-MessagingApp.release.xcconfig */ = {isa = PBXFileReference; includeInIndex = 1; lastKnownFileType = text.xcconfig; name = "Pods-MessagingApp.release.xcconfig"; path = "Target Support Files/Pods-MessagingApp/Pods-MessagingApp.release.xcconfig"; sourceTree = "<group>"; };
		7FA8FD3FC358968AEBB38B9A /* Pods-MessagingApp-MessagingAppUITests.release.xcconfig */ = {isa = PBXFileReference; includeInIndex = 1; lastKnownFileType = text.xcconfig; name = "Pods-MessagingApp-MessagingAppUITests.release.xcconfig"; path = "Target Support Files/Pods-MessagingApp-MessagingAppUITests/Pods-MessagingApp-MessagingAppUITests.release.xcconfig"; sourceTree = "<group>"; };
		80A3E3B8248785F2006E3969 /* MessagingApp.app */ = {isa = PBXFileReference; explicitFileType = wrapper.application; includeInIndex = 0; path = MessagingApp.app; sourceTree = BUILT_PRODUCTS_DIR; };
		80A3E3BB248785F2006E3969 /* AppDelegate.swift */ = {isa = PBXFileReference; lastKnownFileType = sourcecode.swift; path = AppDelegate.swift; sourceTree = "<group>"; };
		80A3E3BF248785F2006E3969 /* MessagesViewController.swift */ = {isa = PBXFileReference; lastKnownFileType = sourcecode.swift; path = MessagesViewController.swift; sourceTree = "<group>"; };
		80A3E3C4248785F4006E3969 /* Assets.xcassets */ = {isa = PBXFileReference; lastKnownFileType = folder.assetcatalog; path = Assets.xcassets; sourceTree = "<group>"; };
		80A3E3C7248785F4006E3969 /* Base */ = {isa = PBXFileReference; lastKnownFileType = file.storyboard; name = Base; path = Base.lproj/LaunchScreen.storyboard; sourceTree = "<group>"; };
		80A3E3C9248785F4006E3969 /* Info.plist */ = {isa = PBXFileReference; lastKnownFileType = text.plist.xml; path = Info.plist; sourceTree = "<group>"; };
		80A3E3CE248785F5006E3969 /* MessagingAppTests.xctest */ = {isa = PBXFileReference; explicitFileType = wrapper.cfbundle; includeInIndex = 0; path = MessagingAppTests.xctest; sourceTree = BUILT_PRODUCTS_DIR; };
		80A3E3D2248785F5006E3969 /* MessagingAppTests.swift */ = {isa = PBXFileReference; lastKnownFileType = sourcecode.swift; path = MessagingAppTests.swift; sourceTree = "<group>"; };
		80A3E3D4248785F5006E3969 /* Info.plist */ = {isa = PBXFileReference; lastKnownFileType = text.plist.xml; path = Info.plist; sourceTree = "<group>"; };
		80A3E3D9248785F5006E3969 /* MessagingAppUITests.xctest */ = {isa = PBXFileReference; explicitFileType = wrapper.cfbundle; includeInIndex = 0; path = MessagingAppUITests.xctest; sourceTree = BUILT_PRODUCTS_DIR; };
		80A3E3DD248785F5006E3969 /* MessagingAppUITests.swift */ = {isa = PBXFileReference; lastKnownFileType = sourcecode.swift; path = MessagingAppUITests.swift; sourceTree = "<group>"; };
		80A3E3DF248785F5006E3969 /* Info.plist */ = {isa = PBXFileReference; lastKnownFileType = text.plist.xml; path = Info.plist; sourceTree = "<group>"; };
		80A3E3EE248791EA006E3969 /* Message.swift */ = {isa = PBXFileReference; lastKnownFileType = sourcecode.swift; path = Message.swift; sourceTree = "<group>"; };
		80A3E3F024879BCF006E3969 /* MessageTableViewCell.swift */ = {isa = PBXFileReference; lastKnownFileType = sourcecode.swift; path = MessageTableViewCell.swift; sourceTree = "<group>"; };
		80A3E3F22487A255006E3969 /* MessageCellType.swift */ = {isa = PBXFileReference; lastKnownFileType = sourcecode.swift; path = MessageCellType.swift; sourceTree = "<group>"; };
		80A3E3F42487A2C3006E3969 /* LeftMessageTableViewCell.swift */ = {isa = PBXFileReference; lastKnownFileType = sourcecode.swift; path = LeftMessageTableViewCell.swift; sourceTree = "<group>"; };
		80A3E3F62487A869006E3969 /* RightMessageTableViewCell.swift */ = {isa = PBXFileReference; lastKnownFileType = sourcecode.swift; path = RightMessageTableViewCell.swift; sourceTree = "<group>"; };
		80A3E3F82487B07D006E3969 /* TabBarController.swift */ = {isa = PBXFileReference; lastKnownFileType = sourcecode.swift; path = TabBarController.swift; sourceTree = "<group>"; };
		80A3E3FB2487B2CE006E3969 /* Contacts.storyboard */ = {isa = PBXFileReference; lastKnownFileType = file.storyboard; path = Contacts.storyboard; sourceTree = "<group>"; };
		80A3E3FD2487CC91006E3969 /* Contact.swift */ = {isa = PBXFileReference; lastKnownFileType = sourcecode.swift; path = Contact.swift; sourceTree = "<group>"; };
		80A3E3FF2487CD5F006E3969 /* ContactViewController.swift */ = {isa = PBXFileReference; lastKnownFileType = sourcecode.swift; path = ContactViewController.swift; sourceTree = "<group>"; };
		80A3E4012487DDF2006E3969 /* fontawesome.otf */ = {isa = PBXFileReference; lastKnownFileType = file; path = fontawesome.otf; sourceTree = "<group>"; };
		80A3E4022487DDF2006E3969 /* fontawesome-brands.otf */ = {isa = PBXFileReference; lastKnownFileType = file; path = "fontawesome-brands.otf"; sourceTree = "<group>"; };
		80A3E4052487E08D006E3969 /* fontawesome-solid-900.otf */ = {isa = PBXFileReference; lastKnownFileType = file; path = "fontawesome-solid-900.otf"; sourceTree = "<group>"; };
		8E32E8DD8B628204E9810C1B /* Pods_MessagingAppTests.framework */ = {isa = PBXFileReference; explicitFileType = wrapper.framework; includeInIndex = 0; path = Pods_MessagingAppTests.framework; sourceTree = BUILT_PRODUCTS_DIR; };
		A507FC72839028CB2E841EDA /* Pods_MessagingApp_MessagingAppUITests.framework */ = {isa = PBXFileReference; explicitFileType = wrapper.framework; includeInIndex = 0; path = Pods_MessagingApp_MessagingAppUITests.framework; sourceTree = BUILT_PRODUCTS_DIR; };
/* End PBXFileReference section */

/* Begin PBXFrameworksBuildPhase section */
		80A3E3B5248785F2006E3969 /* Frameworks */ = {
			isa = PBXFrameworksBuildPhase;
			buildActionMask = 2147483647;
			files = (
				401543E8FBEBFA39B84E0608 /* Pods_MessagingApp.framework in Frameworks */,
			);
			runOnlyForDeploymentPostprocessing = 0;
		};
		80A3E3CB248785F5006E3969 /* Frameworks */ = {
			isa = PBXFrameworksBuildPhase;
			buildActionMask = 2147483647;
			files = (
				DB8465801ABEC17369AD1237 /* Pods_MessagingAppTests.framework in Frameworks */,
			);
			runOnlyForDeploymentPostprocessing = 0;
		};
		80A3E3D6248785F5006E3969 /* Frameworks */ = {
			isa = PBXFrameworksBuildPhase;
			buildActionMask = 2147483647;
			files = (
				1689D4C602371D2FBE9733C0 /* Pods_MessagingApp_MessagingAppUITests.framework in Frameworks */,
			);
			runOnlyForDeploymentPostprocessing = 0;
		};
/* End PBXFrameworksBuildPhase section */

/* Begin PBXGroup section */
		80A3E3AF248785F2006E3969 = {
			isa = PBXGroup;
			children = (
				80A3E3BA248785F2006E3969 /* MessagingApp */,
				80A3E3D1248785F5006E3969 /* MessagingAppTests */,
				80A3E3DC248785F5006E3969 /* MessagingAppUITests */,
				80A3E3B9248785F2006E3969 /* Products */,
				DD521B792C7495473B53A5D0 /* Pods */,
				B53558F06A881EC980339AB2 /* Frameworks */,
			);
			sourceTree = "<group>";
		};
		80A3E3B9248785F2006E3969 /* Products */ = {
			isa = PBXGroup;
			children = (
				80A3E3B8248785F2006E3969 /* MessagingApp.app */,
				80A3E3CE248785F5006E3969 /* MessagingAppTests.xctest */,
				80A3E3D9248785F5006E3969 /* MessagingAppUITests.xctest */,
			);
			name = Products;
			sourceTree = "<group>";
		};
		80A3E3BA248785F2006E3969 /* MessagingApp */ = {
			isa = PBXGroup;
			children = (
				80A3E3EC24878708006E3969 /* Resources */,
				80A3E3FA2487B2AA006E3969 /* Contacts */,
				80A3E3EB248786EB006E3969 /* Messages */,
				80A3E3BB248785F2006E3969 /* AppDelegate.swift */,
				80A3E3F82487B07D006E3969 /* TabBarController.swift */,
				80A3E3C6248785F4006E3969 /* LaunchScreen.storyboard */,
			);
			path = MessagingApp;
			sourceTree = "<group>";
		};
		80A3E3D1248785F5006E3969 /* MessagingAppTests */ = {
			isa = PBXGroup;
			children = (
				80A3E3D2248785F5006E3969 /* MessagingAppTests.swift */,
				80A3E3D4248785F5006E3969 /* Info.plist */,
			);
			path = MessagingAppTests;
			sourceTree = "<group>";
		};
		80A3E3DC248785F5006E3969 /* MessagingAppUITests */ = {
			isa = PBXGroup;
			children = (
				80A3E3DD248785F5006E3969 /* MessagingAppUITests.swift */,
				80A3E3DF248785F5006E3969 /* Info.plist */,
			);
			path = MessagingAppUITests;
			sourceTree = "<group>";
		};
		80A3E3EB248786EB006E3969 /* Messages */ = {
			isa = PBXGroup;
			children = (
				80A3E3BF248785F2006E3969 /* MessagesViewController.swift */,
				80A3E3F024879BCF006E3969 /* MessageTableViewCell.swift */,
				80A3E3F22487A255006E3969 /* MessageCellType.swift */,
				80A3E3F42487A2C3006E3969 /* LeftMessageTableViewCell.swift */,
				80A3E3F62487A869006E3969 /* RightMessageTableViewCell.swift */,
				80A3E3EE248791EA006E3969 /* Message.swift */,
			);
			path = Messages;
			sourceTree = "<group>";
		};
		80A3E3EC24878708006E3969 /* Resources */ = {
			isa = PBXGroup;
			children = (
				80A3E4012487DDF2006E3969 /* fontawesome.otf */,
				80A3E4022487DDF2006E3969 /* fontawesome-brands.otf */,
				80A3E4052487E08D006E3969 /* fontawesome-solid-900.otf */,
				80A3E3C4248785F4006E3969 /* Assets.xcassets */,
				80A3E3C9248785F4006E3969 /* Info.plist */,
			);
			path = Resources;
			sourceTree = "<group>";
		};
		80A3E3FA2487B2AA006E3969 /* Contacts */ = {
			isa = PBXGroup;
			children = (
				80A3E3FB2487B2CE006E3969 /* Contacts.storyboard */,
				80A3E3FF2487CD5F006E3969 /* ContactViewController.swift */,
				80A3E3FD2487CC91006E3969 /* Contact.swift */,
			);
			path = Contacts;
			sourceTree = "<group>";
		};
		B53558F06A881EC980339AB2 /* Frameworks */ = {
			isa = PBXGroup;
			children = (
				1465C9203F44C54A4F104E3E /* Pods_MessagingApp.framework */,
				A507FC72839028CB2E841EDA /* Pods_MessagingApp_MessagingAppUITests.framework */,
				8E32E8DD8B628204E9810C1B /* Pods_MessagingAppTests.framework */,
			);
			name = Frameworks;
			sourceTree = "<group>";
		};
		DD521B792C7495473B53A5D0 /* Pods */ = {
			isa = PBXGroup;
			children = (
				513C13C0427515AFB1AABCEF /* Pods-MessagingApp.debug.xcconfig */,
				5451FDA25E825DC540AA73C2 /* Pods-MessagingApp.release.xcconfig */,
				4981DE931DCF4A7E196D6EC2 /* Pods-MessagingApp-MessagingAppUITests.debug.xcconfig */,
				7FA8FD3FC358968AEBB38B9A /* Pods-MessagingApp-MessagingAppUITests.release.xcconfig */,
				0480861D50F39816F98A315B /* Pods-MessagingAppTests.debug.xcconfig */,
				0F08CEDEE838402BBA50E454 /* Pods-MessagingAppTests.release.xcconfig */,
			);
			path = Pods;
			sourceTree = "<group>";
		};
/* End PBXGroup section */

/* Begin PBXNativeTarget section */
		80A3E3B7248785F2006E3969 /* MessagingApp */ = {
			isa = PBXNativeTarget;
			buildConfigurationList = 80A3E3E2248785F5006E3969 /* Build configuration list for PBXNativeTarget "MessagingApp" */;
			buildPhases = (
				D1327063672739ADF5177B1B /* [CP] Check Pods Manifest.lock */,
				80A3E3B4248785F2006E3969 /* Sources */,
				80A3E3B5248785F2006E3969 /* Frameworks */,
				80A3E3B6248785F2006E3969 /* Resources */,
				53275DAE3D439E355D0A120F /* [CP] Embed Pods Frameworks */,
			);
			buildRules = (
			);
			dependencies = (
			);
			name = MessagingApp;
			productName = MessagingApp;
			productReference = 80A3E3B8248785F2006E3969 /* MessagingApp.app */;
			productType = "com.apple.product-type.application";
		};
		80A3E3CD248785F5006E3969 /* MessagingAppTests */ = {
			isa = PBXNativeTarget;
			buildConfigurationList = 80A3E3E5248785F5006E3969 /* Build configuration list for PBXNativeTarget "MessagingAppTests" */;
			buildPhases = (
				FAB2C51602E7426101C71985 /* [CP] Check Pods Manifest.lock */,
				80A3E3CA248785F5006E3969 /* Sources */,
				80A3E3CB248785F5006E3969 /* Frameworks */,
				80A3E3CC248785F5006E3969 /* Resources */,
			);
			buildRules = (
			);
			dependencies = (
				80A3E3D0248785F5006E3969 /* PBXTargetDependency */,
			);
			name = MessagingAppTests;
			productName = MessagingAppTests;
			productReference = 80A3E3CE248785F5006E3969 /* MessagingAppTests.xctest */;
			productType = "com.apple.product-type.bundle.unit-test";
		};
		80A3E3D8248785F5006E3969 /* MessagingAppUITests */ = {
			isa = PBXNativeTarget;
			buildConfigurationList = 80A3E3E8248785F5006E3969 /* Build configuration list for PBXNativeTarget "MessagingAppUITests" */;
			buildPhases = (
				808B91649A55C57808C0201E /* [CP] Check Pods Manifest.lock */,
				80A3E3D5248785F5006E3969 /* Sources */,
				80A3E3D6248785F5006E3969 /* Frameworks */,
				80A3E3D7248785F5006E3969 /* Resources */,
				35C2D5D71D5EE1E46F9F0479 /* [CP] Embed Pods Frameworks */,
			);
			buildRules = (
			);
			dependencies = (
				80A3E3DB248785F5006E3969 /* PBXTargetDependency */,
			);
			name = MessagingAppUITests;
			productName = MessagingAppUITests;
			productReference = 80A3E3D9248785F5006E3969 /* MessagingAppUITests.xctest */;
			productType = "com.apple.product-type.bundle.ui-testing";
		};
/* End PBXNativeTarget section */

/* Begin PBXProject section */
		80A3E3B0248785F2006E3969 /* Project object */ = {
			isa = PBXProject;
			attributes = {
				LastSwiftUpdateCheck = 1150;
				LastUpgradeCheck = 1150;
				ORGANIZATIONNAME = "Inbright Łukasz Andrzejewski";
				TargetAttributes = {
					80A3E3B7248785F2006E3969 = {
						CreatedOnToolsVersion = 11.5;
					};
					80A3E3CD248785F5006E3969 = {
						CreatedOnToolsVersion = 11.5;
						TestTargetID = 80A3E3B7248785F2006E3969;
					};
					80A3E3D8248785F5006E3969 = {
						CreatedOnToolsVersion = 11.5;
						TestTargetID = 80A3E3B7248785F2006E3969;
					};
				};
			};
			buildConfigurationList = 80A3E3B3248785F2006E3969 /* Build configuration list for PBXProject "MessagingApp" */;
			compatibilityVersion = "Xcode 9.3";
			developmentRegion = en;
			hasScannedForEncodings = 0;
			knownRegions = (
				en,
				Base,
			);
			mainGroup = 80A3E3AF248785F2006E3969;
			productRefGroup = 80A3E3B9248785F2006E3969 /* Products */;
			projectDirPath = "";
			projectRoot = "";
			targets = (
				80A3E3B7248785F2006E3969 /* MessagingApp */,
				80A3E3CD248785F5006E3969 /* MessagingAppTests */,
				80A3E3D8248785F5006E3969 /* MessagingAppUITests */,
			);
		};
/* End PBXProject section */

/* Begin PBXResourcesBuildPhase section */
		80A3E3B6248785F2006E3969 /* Resources */ = {
			isa = PBXResourcesBuildPhase;
			buildActionMask = 2147483647;
			files = (
				80A3E3FC2487B2CE006E3969 /* Contacts.storyboard in Resources */,
				80A3E4042487DE75006E3969 /* fontawesome-brands.otf in Resources */,
				80A3E3C8248785F4006E3969 /* LaunchScreen.storyboard in Resources */,
				80A3E4032487DE71006E3969 /* fontawesome.otf in Resources */,
				80A3E4062487E090006E3969 /* fontawesome-solid-900.otf in Resources */,
				80A3E3C5248785F4006E3969 /* Assets.xcassets in Resources */,
			);
			runOnlyForDeploymentPostprocessing = 0;
		};
		80A3E3CC248785F5006E3969 /* Resources */ = {
			isa = PBXResourcesBuildPhase;
			buildActionMask = 2147483647;
			files = (
			);
			runOnlyForDeploymentPostprocessing = 0;
		};
		80A3E3D7248785F5006E3969 /* Resources */ = {
			isa = PBXResourcesBuildPhase;
			buildActionMask = 2147483647;
			files = (
			);
			runOnlyForDeploymentPostprocessing = 0;
		};
/* End PBXResourcesBuildPhase section */

/* Begin PBXShellScriptBuildPhase section */
		35C2D5D71D5EE1E46F9F0479 /* [CP] Embed Pods Frameworks */ = {
			isa = PBXShellScriptBuildPhase;
			buildActionMask = 2147483647;
			files = (
			);
			inputFileListPaths = (
				"${PODS_ROOT}/Target Support Files/Pods-MessagingApp-MessagingAppUITests/Pods-MessagingApp-MessagingAppUITests-frameworks-${CONFIGURATION}-input-files.xcfilelist",
			);
			name = "[CP] Embed Pods Frameworks";
			outputFileListPaths = (
				"${PODS_ROOT}/Target Support Files/Pods-MessagingApp-MessagingAppUITests/Pods-MessagingApp-MessagingAppUITests-frameworks-${CONFIGURATION}-output-files.xcfilelist",
			);
			runOnlyForDeploymentPostprocessing = 0;
			shellPath = /bin/sh;
			shellScript = "\"${PODS_ROOT}/Target Support Files/Pods-MessagingApp-MessagingAppUITests/Pods-MessagingApp-MessagingAppUITests-frameworks.sh\"\n";
			showEnvVarsInLog = 0;
		};
		53275DAE3D439E355D0A120F /* [CP] Embed Pods Frameworks */ = {
			isa = PBXShellScriptBuildPhase;
			buildActionMask = 2147483647;
			files = (
			);
			inputFileListPaths = (
				"${PODS_ROOT}/Target Support Files/Pods-MessagingApp/Pods-MessagingApp-frameworks-${CONFIGURATION}-input-files.xcfilelist",
			);
			name = "[CP] Embed Pods Frameworks";
			outputFileListPaths = (
				"${PODS_ROOT}/Target Support Files/Pods-MessagingApp/Pods-MessagingApp-frameworks-${CONFIGURATION}-output-files.xcfilelist",
			);
			runOnlyForDeploymentPostprocessing = 0;
			shellPath = /bin/sh;
			shellScript = "\"${PODS_ROOT}/Target Support Files/Pods-MessagingApp/Pods-MessagingApp-frameworks.sh\"\n";
			showEnvVarsInLog = 0;
		};
		808B91649A55C57808C0201E /* [CP] Check Pods Manifest.lock */ = {
			isa = PBXShellScriptBuildPhase;
			buildActionMask = 2147483647;
			files = (
			);
			inputFileListPaths = (
			);
			inputPaths = (
				"${PODS_PODFILE_DIR_PATH}/Podfile.lock",
				"${PODS_ROOT}/Manifest.lock",
			);
			name = "[CP] Check Pods Manifest.lock";
			outputFileListPaths = (
			);
			outputPaths = (
				"$(DERIVED_FILE_DIR)/Pods-MessagingApp-MessagingAppUITests-checkManifestLockResult.txt",
			);
			runOnlyForDeploymentPostprocessing = 0;
			shellPath = /bin/sh;
			shellScript = "diff \"${PODS_PODFILE_DIR_PATH}/Podfile.lock\" \"${PODS_ROOT}/Manifest.lock\" > /dev/null\nif [ $? != 0 ] ; then\n    # print error to STDERR\n    echo \"error: The sandbox is not in sync with the Podfile.lock. Run 'pod install' or update your CocoaPods installation.\" >&2\n    exit 1\nfi\n# This output is used by Xcode 'outputs' to avoid re-running this script phase.\necho \"SUCCESS\" > \"${SCRIPT_OUTPUT_FILE_0}\"\n";
			showEnvVarsInLog = 0;
		};
		D1327063672739ADF5177B1B /* [CP] Check Pods Manifest.lock */ = {
			isa = PBXShellScriptBuildPhase;
			buildActionMask = 2147483647;
			files = (
			);
			inputFileListPaths = (
			);
			inputPaths = (
				"${PODS_PODFILE_DIR_PATH}/Podfile.lock",
				"${PODS_ROOT}/Manifest.lock",
			);
			name = "[CP] Check Pods Manifest.lock";
			outputFileListPaths = (
			);
			outputPaths = (
				"$(DERIVED_FILE_DIR)/Pods-MessagingApp-checkManifestLockResult.txt",
			);
			runOnlyForDeploymentPostprocessing = 0;
			shellPath = /bin/sh;
			shellScript = "diff \"${PODS_PODFILE_DIR_PATH}/Podfile.lock\" \"${PODS_ROOT}/Manifest.lock\" > /dev/null\nif [ $? != 0 ] ; then\n    # print error to STDERR\n    echo \"error: The sandbox is not in sync with the Podfile.lock. Run 'pod install' or update your CocoaPods installation.\" >&2\n    exit 1\nfi\n# This output is used by Xcode 'outputs' to avoid re-running this script phase.\necho \"SUCCESS\" > \"${SCRIPT_OUTPUT_FILE_0}\"\n";
			showEnvVarsInLog = 0;
		};
		FAB2C51602E7426101C71985 /* [CP] Check Pods Manifest.lock */ = {
			isa = PBXShellScriptBuildPhase;
			buildActionMask = 2147483647;
			files = (
			);
			inputFileListPaths = (
			);
			inputPaths = (
				"${PODS_PODFILE_DIR_PATH}/Podfile.lock",
				"${PODS_ROOT}/Manifest.lock",
			);
			name = "[CP] Check Pods Manifest.lock";
			outputFileListPaths = (
			);
			outputPaths = (
				"$(DERIVED_FILE_DIR)/Pods-MessagingAppTests-checkManifestLockResult.txt",
			);
			runOnlyForDeploymentPostprocessing = 0;
			shellPath = /bin/sh;
			shellScript = "diff \"${PODS_PODFILE_DIR_PATH}/Podfile.lock\" \"${PODS_ROOT}/Manifest.lock\" > /dev/null\nif [ $? != 0 ] ; then\n    # print error to STDERR\n    echo \"error: The sandbox is not in sync with the Podfile.lock. Run 'pod install' or update your CocoaPods installation.\" >&2\n    exit 1\nfi\n# This output is used by Xcode 'outputs' to avoid re-running this script phase.\necho \"SUCCESS\" > \"${SCRIPT_OUTPUT_FILE_0}\"\n";
			showEnvVarsInLog = 0;
		};
/* End PBXShellScriptBuildPhase section */

/* Begin PBXSourcesBuildPhase section */
		80A3E3B4248785F2006E3969 /* Sources */ = {
			isa = PBXSourcesBuildPhase;
			buildActionMask = 2147483647;
			files = (
				80A3E3FE2487CC91006E3969 /* Contact.swift in Sources */,
				80A3E3F72487A869006E3969 /* RightMessageTableViewCell.swift in Sources */,
				80A3E3F92487B07D006E3969 /* TabBarController.swift in Sources */,
				80A3E3EF248791EA006E3969 /* Message.swift in Sources */,
				80A3E3F124879BCF006E3969 /* MessageTableViewCell.swift in Sources */,
				80A3E3F32487A255006E3969 /* MessageCellType.swift in Sources */,
				80A3E3C0248785F2006E3969 /* MessagesViewController.swift in Sources */,
				80A3E3F52487A2C4006E3969 /* LeftMessageTableViewCell.swift in Sources */,
				80A3E3BC248785F2006E3969 /* AppDelegate.swift in Sources */,
				80A3E4002487CD5F006E3969 /* ContactViewController.swift in Sources */,
			);
			runOnlyForDeploymentPostprocessing = 0;
		};
		80A3E3CA248785F5006E3969 /* Sources */ = {
			isa = PBXSourcesBuildPhase;
			buildActionMask = 2147483647;
			files = (
				80A3E3D3248785F5006E3969 /* MessagingAppTests.swift in Sources */,
			);
			runOnlyForDeploymentPostprocessing = 0;
		};
		80A3E3D5248785F5006E3969 /* Sources */ = {
			isa = PBXSourcesBuildPhase;
			buildActionMask = 2147483647;
			files = (
				80A3E3DE248785F5006E3969 /* MessagingAppUITests.swift in Sources */,
			);
			runOnlyForDeploymentPostprocessing = 0;
		};
/* End PBXSourcesBuildPhase section */

/* Begin PBXTargetDependency section */
		80A3E3D0248785F5006E3969 /* PBXTargetDependency */ = {
			isa = PBXTargetDependency;
			target = 80A3E3B7248785F2006E3969 /* MessagingApp */;
			targetProxy = 80A3E3CF248785F5006E3969 /* PBXContainerItemProxy */;
		};
		80A3E3DB248785F5006E3969 /* PBXTargetDependency */ = {
			isa = PBXTargetDependency;
			target = 80A3E3B7248785F2006E3969 /* MessagingApp */;
			targetProxy = 80A3E3DA248785F5006E3969 /* PBXContainerItemProxy */;
		};
/* End PBXTargetDependency section */

/* Begin PBXVariantGroup section */
		80A3E3C6248785F4006E3969 /* LaunchScreen.storyboard */ = {
			isa = PBXVariantGroup;
			children = (
				80A3E3C7248785F4006E3969 /* Base */,
			);
			name = LaunchScreen.storyboard;
			sourceTree = "<group>";
		};
/* End PBXVariantGroup section */

/* Begin XCBuildConfiguration section */
		80A3E3E0248785F5006E3969 /* Debug */ = {
			isa = XCBuildConfiguration;
			buildSettings = {
				ALWAYS_SEARCH_USER_PATHS = NO;
				CLANG_ANALYZER_NONNULL = YES;
				CLANG_ANALYZER_NUMBER_OBJECT_CONVERSION = YES_AGGRESSIVE;
				CLANG_CXX_LANGUAGE_STANDARD = "gnu++14";
				CLANG_CXX_LIBRARY = "libc++";
				CLANG_ENABLE_MODULES = YES;
				CLANG_ENABLE_OBJC_ARC = YES;
				CLANG_ENABLE_OBJC_WEAK = YES;
				CLANG_WARN_BLOCK_CAPTURE_AUTORELEASING = YES;
				CLANG_WARN_BOOL_CONVERSION = YES;
				CLANG_WARN_COMMA = YES;
				CLANG_WARN_CONSTANT_CONVERSION = YES;
				CLANG_WARN_DEPRECATED_OBJC_IMPLEMENTATIONS = YES;
				CLANG_WARN_DIRECT_OBJC_ISA_USAGE = YES_ERROR;
				CLANG_WARN_DOCUMENTATION_COMMENTS = YES;
				CLANG_WARN_EMPTY_BODY = YES;
				CLANG_WARN_ENUM_CONVERSION = YES;
				CLANG_WARN_INFINITE_RECURSION = YES;
				CLANG_WARN_INT_CONVERSION = YES;
				CLANG_WARN_NON_LITERAL_NULL_CONVERSION = YES;
				CLANG_WARN_OBJC_IMPLICIT_RETAIN_SELF = YES;
				CLANG_WARN_OBJC_LITERAL_CONVERSION = YES;
				CLANG_WARN_OBJC_ROOT_CLASS = YES_ERROR;
				CLANG_WARN_RANGE_LOOP_ANALYSIS = YES;
				CLANG_WARN_STRICT_PROTOTYPES = YES;
				CLANG_WARN_SUSPICIOUS_MOVE = YES;
				CLANG_WARN_UNGUARDED_AVAILABILITY = YES_AGGRESSIVE;
				CLANG_WARN_UNREACHABLE_CODE = YES;
				CLANG_WARN__DUPLICATE_METHOD_MATCH = YES;
				COPY_PHASE_STRIP = NO;
				DEBUG_INFORMATION_FORMAT = dwarf;
				ENABLE_STRICT_OBJC_MSGSEND = YES;
				ENABLE_TESTABILITY = YES;
				GCC_C_LANGUAGE_STANDARD = gnu11;
				GCC_DYNAMIC_NO_PIC = NO;
				GCC_NO_COMMON_BLOCKS = YES;
				GCC_OPTIMIZATION_LEVEL = 0;
				GCC_PREPROCESSOR_DEFINITIONS = (
					"DEBUG=1",
					"$(inherited)",
				);
				GCC_WARN_64_TO_32_BIT_CONVERSION = YES;
				GCC_WARN_ABOUT_RETURN_TYPE = YES_ERROR;
				GCC_WARN_UNDECLARED_SELECTOR = YES;
				GCC_WARN_UNINITIALIZED_AUTOS = YES_AGGRESSIVE;
				GCC_WARN_UNUSED_FUNCTION = YES;
				GCC_WARN_UNUSED_VARIABLE = YES;
				IPHONEOS_DEPLOYMENT_TARGET = 13.5;
				MTL_ENABLE_DEBUG_INFO = INCLUDE_SOURCE;
				MTL_FAST_MATH = YES;
				ONLY_ACTIVE_ARCH = YES;
				SDKROOT = iphoneos;
				SWIFT_ACTIVE_COMPILATION_CONDITIONS = DEBUG;
				SWIFT_OPTIMIZATION_LEVEL = "-Onone";
			};
			name = Debug;
		};
		80A3E3E1248785F5006E3969 /* Release */ = {
			isa = XCBuildConfiguration;
			buildSettings = {
				ALWAYS_SEARCH_USER_PATHS = NO;
				CLANG_ANALYZER_NONNULL = YES;
				CLANG_ANALYZER_NUMBER_OBJECT_CONVERSION = YES_AGGRESSIVE;
				CLANG_CXX_LANGUAGE_STANDARD = "gnu++14";
				CLANG_CXX_LIBRARY = "libc++";
				CLANG_ENABLE_MODULES = YES;
				CLANG_ENABLE_OBJC_ARC = YES;
				CLANG_ENABLE_OBJC_WEAK = YES;
				CLANG_WARN_BLOCK_CAPTURE_AUTORELEASING = YES;
				CLANG_WARN_BOOL_CONVERSION = YES;
				CLANG_WARN_COMMA = YES;
				CLANG_WARN_CONSTANT_CONVERSION = YES;
				CLANG_WARN_DEPRECATED_OBJC_IMPLEMENTATIONS = YES;
				CLANG_WARN_DIRECT_OBJC_ISA_USAGE = YES_ERROR;
				CLANG_WARN_DOCUMENTATION_COMMENTS = YES;
				CLANG_WARN_EMPTY_BODY = YES;
				CLANG_WARN_ENUM_CONVERSION = YES;
				CLANG_WARN_INFINITE_RECURSION = YES;
				CLANG_WARN_INT_CONVERSION = YES;
				CLANG_WARN_NON_LITERAL_NULL_CONVERSION = YES;
				CLANG_WARN_OBJC_IMPLICIT_RETAIN_SELF = YES;
				CLANG_WARN_OBJC_LITERAL_CONVERSION = YES;
				CLANG_WARN_OBJC_ROOT_CLASS = YES_ERROR;
				CLANG_WARN_RANGE_LOOP_ANALYSIS = YES;
				CLANG_WARN_STRICT_PROTOTYPES = YES;
				CLANG_WARN_SUSPICIOUS_MOVE = YES;
				CLANG_WARN_UNGUARDED_AVAILABILITY = YES_AGGRESSIVE;
				CLANG_WARN_UNREACHABLE_CODE = YES;
				CLANG_WARN__DUPLICATE_METHOD_MATCH = YES;
				COPY_PHASE_STRIP = NO;
				DEBUG_INFORMATION_FORMAT = "dwarf-with-dsym";
				ENABLE_NS_ASSERTIONS = NO;
				ENABLE_STRICT_OBJC_MSGSEND = YES;
				GCC_C_LANGUAGE_STANDARD = gnu11;
				GCC_NO_COMMON_BLOCKS = YES;
				GCC_WARN_64_TO_32_BIT_CONVERSION = YES;
				GCC_WARN_ABOUT_RETURN_TYPE = YES_ERROR;
				GCC_WARN_UNDECLARED_SELECTOR = YES;
				GCC_WARN_UNINITIALIZED_AUTOS = YES_AGGRESSIVE;
				GCC_WARN_UNUSED_FUNCTION = YES;
				GCC_WARN_UNUSED_VARIABLE = YES;
				IPHONEOS_DEPLOYMENT_TARGET = 13.5;
				MTL_ENABLE_DEBUG_INFO = NO;
				MTL_FAST_MATH = YES;
				SDKROOT = iphoneos;
				SWIFT_COMPILATION_MODE = wholemodule;
				SWIFT_OPTIMIZATION_LEVEL = "-O";
				VALIDATE_PRODUCT = YES;
			};
			name = Release;
		};
		80A3E3E3248785F5006E3969 /* Debug */ = {
			isa = XCBuildConfiguration;
			baseConfigurationReference = 513C13C0427515AFB1AABCEF /* Pods-MessagingApp.debug.xcconfig */;
			buildSettings = {
				ASSETCATALOG_COMPILER_APPICON_NAME = AppIcon;
				CODE_SIGN_STYLE = Automatic;
				DEVELOPMENT_TEAM = 34A9J24W7Y;
				INFOPLIST_FILE = MessagingApp/Resources/Info.plist;
				LD_RUNPATH_SEARCH_PATHS = (
					"$(inherited)",
					"@executable_path/Frameworks",
				);
				PRODUCT_BUNDLE_IDENTIFIER = pl.training.MessagingApp;
				PRODUCT_NAME = "$(TARGET_NAME)";
				SWIFT_VERSION = 5.0;
				TARGETED_DEVICE_FAMILY = "1,2";
			};
			name = Debug;
		};
		80A3E3E4248785F5006E3969 /* Release */ = {
			isa = XCBuildConfiguration;
			baseConfigurationReference = 5451FDA25E825DC540AA73C2 /* Pods-MessagingApp.release.xcconfig */;
			buildSettings = {
				ASSETCATALOG_COMPILER_APPICON_NAME = AppIcon;
				CODE_SIGN_STYLE = Automatic;
				DEVELOPMENT_TEAM = 34A9J24W7Y;
				INFOPLIST_FILE = MessagingApp/Resources/Info.plist;
				LD_RUNPATH_SEARCH_PATHS = (
					"$(inherited)",
					"@executable_path/Frameworks",
				);
				PRODUCT_BUNDLE_IDENTIFIER = pl.training.MessagingApp;
				PRODUCT_NAME = "$(TARGET_NAME)";
				SWIFT_VERSION = 5.0;
				TARGETED_DEVICE_FAMILY = "1,2";
			};
			name = Release;
		};
		80A3E3E6248785F5006E3969 /* Debug */ = {
			isa = XCBuildConfiguration;
			baseConfigurationReference = 0480861D50F39816F98A315B /* Pods-MessagingAppTests.debug.xcconfig */;
			buildSettings = {
				ALWAYS_EMBED_SWIFT_STANDARD_LIBRARIES = YES;
				BUNDLE_LOADER = "$(TEST_HOST)";
				CODE_SIGN_STYLE = Automatic;
				DEVELOPMENT_TEAM = 34A9J24W7Y;
				INFOPLIST_FILE = MessagingAppTests/Info.plist;
				IPHONEOS_DEPLOYMENT_TARGET = 13.5;
				LD_RUNPATH_SEARCH_PATHS = (
					"$(inherited)",
					"@executable_path/Frameworks",
					"@loader_path/Frameworks",
				);
				PRODUCT_BUNDLE_IDENTIFIER = pl.training.MessagingAppTests;
				PRODUCT_NAME = "$(TARGET_NAME)";
				SWIFT_VERSION = 5.0;
				TARGETED_DEVICE_FAMILY = "1,2";
				TEST_HOST = "$(BUILT_PRODUCTS_DIR)/MessagingApp.app/MessagingApp";
			};
			name = Debug;
		};
		80A3E3E7248785F5006E3969 /* Release */ = {
			isa = XCBuildConfiguration;
			baseConfigurationReference = 0F08CEDEE838402BBA50E454 /* Pods-MessagingAppTests.release.xcconfig */;
			buildSettings = {
				ALWAYS_EMBED_SWIFT_STANDARD_LIBRARIES = YES;
				BUNDLE_LOADER = "$(TEST_HOST)";
				CODE_SIGN_STYLE = Automatic;
				DEVELOPMENT_TEAM = 34A9J24W7Y;
				INFOPLIST_FILE = MessagingAppTests/Info.plist;
				IPHONEOS_DEPLOYMENT_TARGET = 13.5;
				LD_RUNPATH_SEARCH_PATHS = (
					"$(inherited)",
					"@executable_path/Frameworks",
					"@loader_path/Frameworks",
				);
				PRODUCT_BUNDLE_IDENTIFIER = pl.training.MessagingAppTests;
				PRODUCT_NAME = "$(TARGET_NAME)";
				SWIFT_VERSION = 5.0;
				TARGETED_DEVICE_FAMILY = "1,2";
				TEST_HOST = "$(BUILT_PRODUCTS_DIR)/MessagingApp.app/MessagingApp";
			};
			name = Release;
		};
		80A3E3E9248785F5006E3969 /* Debug */ = {
			isa = XCBuildConfiguration;
			baseConfigurationReference = 4981DE931DCF4A7E196D6EC2 /* Pods-MessagingApp-MessagingAppUITests.debug.xcconfig */;
			buildSettings = {
				ALWAYS_EMBED_SWIFT_STANDARD_LIBRARIES = YES;
				CODE_SIGN_STYLE = Automatic;
				DEVELOPMENT_TEAM = 34A9J24W7Y;
				INFOPLIST_FILE = MessagingAppUITests/Info.plist;
				LD_RUNPATH_SEARCH_PATHS = (
					"$(inherited)",
					"@executable_path/Frameworks",
					"@loader_path/Frameworks",
				);
				PRODUCT_BUNDLE_IDENTIFIER = pl.training.MessagingAppUITests;
				PRODUCT_NAME = "$(TARGET_NAME)";
				SWIFT_VERSION = 5.0;
				TARGETED_DEVICE_FAMILY = "1,2";
				TEST_TARGET_NAME = MessagingApp;
			};
			name = Debug;
		};
		80A3E3EA248785F5006E3969 /* Release */ = {
			isa = XCBuildConfiguration;
			baseConfigurationReference = 7FA8FD3FC358968AEBB38B9A /* Pods-MessagingApp-MessagingAppUITests.release.xcconfig */;
			buildSettings = {
				ALWAYS_EMBED_SWIFT_STANDARD_LIBRARIES = YES;
				CODE_SIGN_STYLE = Automatic;
				DEVELOPMENT_TEAM = 34A9J24W7Y;
				INFOPLIST_FILE = MessagingAppUITests/Info.plist;
				LD_RUNPATH_SEARCH_PATHS = (
					"$(inherited)",
					"@executable_path/Frameworks",
					"@loader_path/Frameworks",
				);
				PRODUCT_BUNDLE_IDENTIFIER = pl.training.MessagingAppUITests;
				PRODUCT_NAME = "$(TARGET_NAME)";
				SWIFT_VERSION = 5.0;
				TARGETED_DEVICE_FAMILY = "1,2";
				TEST_TARGET_NAME = MessagingApp;
			};
			name = Release;
		};
/* End XCBuildConfiguration section */

/* Begin XCConfigurationList section */
		80A3E3B3248785F2006E3969 /* Build configuration list for PBXProject "MessagingApp" */ = {
			isa = XCConfigurationList;
			buildConfigurations = (
				80A3E3E0248785F5006E3969 /* Debug */,
				80A3E3E1248785F5006E3969 /* Release */,
			);
			defaultConfigurationIsVisible = 0;
			defaultConfigurationName = Release;
		};
		80A3E3E2248785F5006E3969 /* Build configuration list for PBXNativeTarget "MessagingApp" */ = {
			isa = XCConfigurationList;
			buildConfigurations = (
				80A3E3E3248785F5006E3969 /* Debug */,
				80A3E3E4248785F5006E3969 /* Release */,
			);
			defaultConfigurationIsVisible = 0;
			defaultConfigurationName = Release;
		};
		80A3E3E5248785F5006E3969 /* Build configuration list for PBXNativeTarget "MessagingAppTests" */ = {
			isa = XCConfigurationList;
			buildConfigurations = (
				80A3E3E6248785F5006E3969 /* Debug */,
				80A3E3E7248785F5006E3969 /* Release */,
			);
			defaultConfigurationIsVisible = 0;
			defaultConfigurationName = Release;
		};
		80A3E3E8248785F5006E3969 /* Build configuration list for PBXNativeTarget "MessagingAppUITests" */ = {
			isa = XCConfigurationList;
			buildConfigurations = (
				80A3E3E9248785F5006E3969 /* Debug */,
				80A3E3EA248785F5006E3969 /* Release */,
			);
			defaultConfigurationIsVisible = 0;
			defaultConfigurationName = Release;
		};
/* End XCConfigurationList section */
	};
	rootObject = 80A3E3B0248785F2006E3969 /* Project object */;
}
